// !$*UTF8*$!
{
	archiveVersion = 1;
	classes = {
	};
	objectVersion = 48;
	objects = {

/* Begin PBXBuildFile section */
		C2E2492A202A9803005102D7 /* AppDelegate.swift in Sources */ = {isa = PBXBuildFile; fileRef = C2E24929202A9803005102D7 /* AppDelegate.swift */; };
		C2E2492C202A9803005102D7 /* ViewController.swift in Sources */ = {isa = PBXBuildFile; fileRef = C2E2492B202A9803005102D7 /* ViewController.swift */; };
		C2E2492F202A9803005102D7 /* Main.storyboard in Resources */ = {isa = PBXBuildFile; fileRef = C2E2492D202A9803005102D7 /* Main.storyboard */; };
		C2E24932202A9803005102D7 /* swift_coreData.xcdatamodeld in Sources */ = {isa = PBXBuildFile; fileRef = C2E24930202A9803005102D7 /* swift_coreData.xcdatamodeld */; };
		C2E24934202A9803005102D7 /* Assets.xcassets in Resources */ = {isa = PBXBuildFile; fileRef = C2E24933202A9803005102D7 /* Assets.xcassets */; };
		C2E24937202A9803005102D7 /* LaunchScreen.storyboard in Resources */ = {isa = PBXBuildFile; fileRef = C2E24935202A9803005102D7 /* LaunchScreen.storyboard */; };
		C2E24943202A9B32005102D7 /* DBManager.swift in Sources */ = {isa = PBXBuildFile; fileRef = C2E24942202A9B32005102D7 /* DBManager.swift */; };
/* End PBXBuildFile section */

/* Begin PBXFileReference section */
		C2E24926202A9803005102D7 /* swift_coreData.app */ = {isa = PBXFileReference; explicitFileType = wrapper.application; includeInIndex = 0; path = swift_coreData.app; sourceTree = BUILT_PRODUCTS_DIR; };
		C2E24929202A9803005102D7 /* AppDelegate.swift */ = {isa = PBXFileReference; lastKnownFileType = sourcecode.swift; path = AppDelegate.swift; sourceTree = "<group>"; };
		C2E2492B202A9803005102D7 /* ViewController.swift */ = {isa = PBXFileReference; lastKnownFileType = sourcecode.swift; path = ViewController.swift; sourceTree = "<group>"; };
		C2E2492E202A9803005102D7 /* Base */ = {isa = PBXFileReference; lastKnownFileType = file.storyboard; name = Base; path = Base.lproj/Main.storyboard; sourceTree = "<group>"; };
		C2E24931202A9803005102D7 /* swift_coreData.xcdatamodel */ = {isa = PBXFileReference; lastKnownFileType = wrapper.xcdatamodel; path = swift_coreData.xcdatamodel; sourceTree = "<group>"; };
		C2E24933202A9803005102D7 /* Assets.xcassets */ = {isa = PBXFileReference; lastKnownFileType = folder.assetcatalog; path = Assets.xcassets; sourceTree = "<group>"; };
		C2E24936202A9803005102D7 /* Base */ = {isa = PBXFileReference; lastKnownFileType = file.storyboard; name = Base; path = Base.lproj/LaunchScreen.storyboard; sourceTree = "<group>"; };
		C2E24938202A9803005102D7 /* Info.plist */ = {isa = PBXFileReference; lastKnownFileType = text.plist.xml; path = Info.plist; sourceTree = "<group>"; };
		C2E24942202A9B32005102D7 /* DBManager.swift */ = {isa = PBXFileReference; lastKnownFileType = sourcecode.swift; path = DBManager.swift; sourceTree = "<group>"; };
/* End PBXFileReference section */

/* Begin PBXFrameworksBuildPhase section */
		C2E24923202A9803005102D7 /* Frameworks */ = {
			isa = PBXFrameworksBuildPhase;
			buildActionMask = 2147483647;
			files = (
			);
			runOnlyForDeploymentPostprocessing = 0;
		};
/* End PBXFrameworksBuildPhase section */

/* Begin PBXGroup section */
		C2E2491D202A9803005102D7 = {
			isa = PBXGroup;
			children = (
				C2E24928202A9803005102D7 /* swift_coreData */,
				C2E24927202A9803005102D7 /* Products */,
			);
			sourceTree = "<group>";
		};
		C2E24927202A9803005102D7 /* Products */ = {
			isa = PBXGroup;
			children = (
				C2E24926202A9803005102D7 /* swift_coreData.app */,
			);
			name = Products;
			sourceTree = "<group>";
		};
		C2E24928202A9803005102D7 /* swift_coreData */ = {
			isa = PBXGroup;
			children = (
				C2E24929202A9803005102D7 /* AppDelegate.swift */,
				C2E2492B202A9803005102D7 /* ViewController.swift */,
				C2E2492D202A9803005102D7 /* Main.storyboard */,
				C2E24933202A9803005102D7 /* Assets.xcassets */,
				C2E24935202A9803005102D7 /* LaunchScreen.storyboard */,
				C2E24938202A9803005102D7 /* Info.plist */,
				C2E24930202A9803005102D7 /* swift_coreData.xcdatamodeld */,
				C2E24942202A9B32005102D7 /* DBManager.swift */,
			);
			path = swift_coreData;
			sourceTree = "<group>";
		};
/* End PBXGroup section */

/* Begin PBXNativeTarget section */
		C2E24925202A9803005102D7 /* swift_coreData */ = {
			isa = PBXNativeTarget;
			buildConfigurationList = C2E2493B202A9803005102D7 /* Build configuration list for PBXNativeTarget "swift_coreData" */;
			buildPhases = (
				C2E24922202A9803005102D7 /* Sources */,
				C2E24923202A9803005102D7 /* Frameworks */,
				C2E24924202A9803005102D7 /* Resources */,
			);
			buildRules = (
			);
			dependencies = (
			);
			name = swift_coreData;
			productName = swift_coreData;
			productReference = C2E24926202A9803005102D7 /* swift_coreData.app */;
			productType = "com.apple.product-type.application";
		};
/* End PBXNativeTarget section */

/* Begin PBXProject section */
		C2E2491E202A9803005102D7 /* Project object */ = {
			isa = PBXProject;
			attributes = {
				LastSwiftUpdateCheck = 0910;
				LastUpgradeCheck = 0910;
				ORGANIZATIONNAME = edon;
				TargetAttributes = {
					C2E24925202A9803005102D7 = {
						CreatedOnToolsVersion = 9.1;
						ProvisioningStyle = Automatic;
					};
				};
			};
			buildConfigurationList = C2E24921202A9803005102D7 /* Build configuration list for PBXProject "swift_coreData" */;
			compatibilityVersion = "Xcode 8.0";
			developmentRegion = en;
			hasScannedForEncodings = 0;
			knownRegions = (
				en,
				Base,
			);
			mainGroup = C2E2491D202A9803005102D7;
			productRefGroup = C2E24927202A9803005102D7 /* Products */;
			projectDirPath = "";
			projectRoot = "";
			targets = (
				C2E24925202A9803005102D7 /* swift_coreData */,
			);
		};
/* End PBXProject section */

/* Begin PBXResourcesBuildPhase section */
		C2E24924202A9803005102D7 /* Resources */ = {
			isa = PBXResourcesBuildPhase;
			buildActionMask = 2147483647;
			files = (
				C2E24937202A9803005102D7 /* LaunchScreen.storyboard in Resources */,
				C2E24934202A9803005102D7 /* Assets.xcassets in Resources */,
				C2E2492F202A9803005102D7 /* Main.storyboard in Resources */,
			);
			runOnlyForDeploymentPostprocessing = 0;
		};
/* End PBXResourcesBuildPhase section */

/* Begin PBXSourcesBuildPhase section */
		C2E24922202A9803005102D7 /* Sources */ = {
			isa = PBXSourcesBuildPhase;
			buildActionMask = 2147483647;
			files = (
				C2E2492C202A9803005102D7 /* ViewController.swift in Sources */,
				C2E2492A202A9803005102D7 /* AppDelegate.swift in Sources */,
				C2E24932202A9803005102D7 /* swift_coreData.xcdatamodeld in Sources */,
				C2E24943202A9B32005102D7 /* DBManager.swift in Sources */,
			);
			runOnlyForDeploymentPostprocessing = 0;
		};
/* End PBXSourcesBuildPhase section */

/* Begin PBXVariantGroup section */
		C2E2492D202A9803005102D7 /* Main.storyboard */ = {
			isa = PBXVariantGroup;
			children = (
				C2E2492E202A9803005102D7 /* Base */,
			);
			name = Main.storyboard;
			sourceTree = "<group>";
		};
		C2E24935202A9803005102D7 /* LaunchScreen.storyboard */ = {
			isa = PBXVariantGroup;
			children = (
				C2E24936202A9803005102D7 /* Base */,
			);
			name = LaunchScreen.storyboard;
			sourceTree = "<group>";
		};
/* End PBXVariantGroup section */

/* Begin XCBuildConfiguration section */
		C2E24939202A9803005102D7 /* Debug */ = {
			isa = XCBuildConfiguration;
			buildSettings = {
				ALWAYS_SEARCH_USER_PATHS = NO;
				CLANG_ANALYZER_NONNULL = YES;
				CLANG_ANALYZER_NUMBER_OBJECT_CONVERSION = YES_AGGRESSIVE;
				CLANG_CXX_LANGUAGE_STANDARD = "gnu++14";
				CLANG_CXX_LIBRARY = "libc++";
				CLANG_ENABLE_MODULES = YES;
				CLANG_ENABLE_OBJC_ARC = YES;
				CLANG_WARN_BLOCK_CAPTURE_AUTORELEASING = YES;
				CLANG_WARN_BOOL_CONVERSION = YES;
				CLANG_WARN_COMMA = YES;
				CLANG_WARN_CONSTANT_CONVERSION = YES;
				CLANG_WARN_DIRECT_OBJC_ISA_USAGE = YES_ERROR;
				CLANG_WARN_DOCUMENTATION_COMMENTS = YES;
				CLANG_WARN_EMPTY_BODY = YES;
				CLANG_WARN_ENUM_CONVERSION = YES;
				CLANG_WARN_INFINITE_RECURSION = YES;
				CLANG_WARN_INT_CONVERSION = YES;
				CLANG_WARN_NON_LITERAL_NULL_CONVERSION = YES;
				CLANG_WARN_OBJC_LITERAL_CONVERSION = YES;
				CLANG_WARN_OBJC_ROOT_CLASS = YES_ERROR;
				CLANG_WARN_RANGE_LOOP_ANALYSIS = YES;
				CLANG_WARN_STRICT_PROTOTYPES = YES;
				CLANG_WARN_SUSPICIOUS_MOVE = YES;
				CLANG_WARN_UNGUARDED_AVAILABILITY = YES_AGGRESSIVE;
				CLANG_WARN_UNREACHABLE_CODE = YES;
				CLANG_WARN__DUPLICATE_METHOD_MATCH = YES;
				CODE_SIGN_IDENTITY = "iPhone Developer";
				COPY_PHASE_STRIP = NO;
				DEBUG_INFORMATION_FORMAT = dwarf;
				ENABLE_STRICT_OBJC_MSGSEND = YES;
				ENABLE_TESTABILITY = YES;
				GCC_C_LANGUAGE_STANDARD = gnu11;
				GCC_DYNAMIC_NO_PIC = NO;
				GCC_NO_COMMON_BLOCKS = YES;
				GCC_OPTIMIZATION_LEVEL = 0;
				GCC_PREPROCESSOR_DEFINITIONS = (
					"DEBUG=1",
					"$(inherited)",
				);
				GCC_WARN_64_TO_32_BIT_CONVERSION = YES;
				GCC_WARN_ABOUT_RETURN_TYPE = YES_ERROR;
				GCC_WARN_UNDECLARED_SELECTOR = YES;
				GCC_WARN_UNINITIALIZED_AUTOS = YES_AGGRESSIVE;
				GCC_WARN_UNUSED_FUNCTION = YES;
				GCC_WARN_UNUSED_VARIABLE = YES;
				IPHONEOS_DEPLOYMENT_TARGET = 11.1;
				MTL_ENABLE_DEBUG_INFO = YES;
				ONLY_ACTIVE_ARCH = YES;
				SDKROOT = iphoneos;
				SWIFT_ACTIVE_COMPILATION_CONDITIONS = DEBUG;
				SWIFT_OPTIMIZATION_LEVEL = "-Onone";
			};
			name = Debug;
		};
		C2E2493A202A9803005102D7 /* Release */ = {
			isa = XCBuildConfiguration;
			buildSettings = {
				ALWAYS_SEARCH_USER_PATHS = NO;
				CLANG_ANALYZER_NONNULL = YES;
				CLANG_ANALYZER_NUMBER_OBJECT_CONVERSION = YES_AGGRESSIVE;
				CLANG_CXX_LANGUAGE_STANDARD = "gnu++14";
				CLANG_CXX_LIBRARY = "libc++";
				CLANG_ENABLE_MODULES = YES;
				CLANG_ENABLE_OBJC_ARC = YES;
				CLANG_WARN_BLOCK_CAPTURE_AUTORELEASING = YES;
				CLANG_WARN_BOOL_CONVERSION = YES;
				CLANG_WARN_COMMA = YES;
				CLANG_WARN_CONSTANT_CONVERSION = YES;
				CLANG_WARN_DIRECT_OBJC_ISA_USAGE = YES_ERROR;
				CLANG_WARN_DOCUMENTATION_COMMENTS = YES;
				CLANG_WARN_EMPTY_BODY = YES;
				CLANG_WARN_ENUM_CONVERSION = YES;
				CLANG_WARN_INFINITE_RECURSION = YES;
				CLANG_WARN_INT_CONVERSION = YES;
				CLANG_WARN_NON_LITERAL_NULL_CONVERSION = YES;
				CLANG_WARN_OBJC_LITERAL_CONVERSION = YES;
				CLANG_WARN_OBJC_ROOT_CLASS = YES_ERROR;
				CLANG_WARN_RANGE_LOOP_ANALYSIS = YES;
				CLANG_WARN_STRICT_PROTOTYPES = YES;
				CLANG_WARN_SUSPICIOUS_MOVE = YES;
				CLANG_WARN_UNGUARDED_AVAILABILITY = YES_AGGRESSIVE;
				CLANG_WARN_UNREACHABLE_CODE = YES;
				CLANG_WARN__DUPLICATE_METHOD_MATCH = YES;
				CODE_SIGN_IDENTITY = "iPhone Developer";
				COPY_PHASE_STRIP = NO;
				DEBUG_INFORMATION_FORMAT = "dwarf-with-dsym";
				ENABLE_NS_ASSERTIONS = NO;
				ENABLE_STRICT_OBJC_MSGSEND = YES;
				GCC_C_LANGUAGE_STANDARD = gnu11;
				GCC_NO_COMMON_BLOCKS = YES;
				GCC_WARN_64_TO_32_BIT_CONVERSION = YES;
				GCC_WARN_ABOUT_RETURN_TYPE = YES_ERROR;
				GCC_WARN_UNDECLARED_SELECTOR = YES;
				GCC_WARN_UNINITIALIZED_AUTOS = YES_AGGRESSIVE;
				GCC_WARN_UNUSED_FUNCTION = YES;
				GCC_WARN_UNUSED_VARIABLE = YES;
				IPHONEOS_DEPLOYMENT_TARGET = 11.1;
				MTL_ENABLE_DEBUG_INFO = NO;
				SDKROOT = iphoneos;
				SWIFT_OPTIMIZATION_LEVEL = "-Owholemodule";
				VALIDATE_PRODUCT = YES;
			};
			name = Release;
		};
		C2E2493C202A9803005102D7 /* Debug */ = {
			isa = XCBuildConfiguration;
			buildSettings = {
				ASSETCATALOG_COMPILER_APPICON_NAME = AppIcon;
				CODE_SIGN_STYLE = Automatic;
				DEVELOPMENT_TEAM = D858VFE5YA;
				INFOPLIST_FILE = swift_coreData/Info.plist;
				IPHONEOS_DEPLOYMENT_TARGET = 10.0;
				LD_RUNPATH_SEARCH_PATHS = "$(inherited) @executable_path/Frameworks";
				PRODUCT_BUNDLE_IDENTIFIER = "MUMU.swift-coreData";
				PRODUCT_NAME = "$(TARGET_NAME)";
				SWIFT_VERSION = 4.0;
				TARGETED_DEVICE_FAMILY = "1,2";
			};
			name = Debug;
		};
		C2E2493D202A9803005102D7 /* Release */ = {
			isa = XCBuildConfiguration;
			buildSettings = {
				ASSETCATALOG_COMPILER_APPICON_NAME = AppIcon;
				CODE_SIGN_STYLE = Automatic;
				DEVELOPMENT_TEAM = D858VFE5YA;
				INFOPLIST_FILE = swift_coreData/Info.plist;
				IPHONEOS_DEPLOYMENT_TARGET = 10.0;
				LD_RUNPATH_SEARCH_PATHS = "$(inherited) @executable_path/Frameworks";
				PRODUCT_BUNDLE_IDENTIFIER = "MUMU.swift-coreData";
				PRODUCT_NAME = "$(TARGET_NAME)";
				SWIFT_VERSION = 4.0;
				TARGETED_DEVICE_FAMILY = "1,2";
			};
			name = Release;
		};
/* End XCBuildConfiguration section */

/* Begin XCConfigurationList section */
		C2E24921202A9803005102D7 /* Build configuration list for PBXProject "swift_coreData" */ = {
			isa = XCConfigurationList;
			buildConfigurations = (
				C2E24939202A9803005102D7 /* Debug */,
				C2E2493A202A9803005102D7 /* Release */,
			);
			defaultConfigurationIsVisible = 0;
			defaultConfigurationName = Release;
		};
		C2E2493B202A9803005102D7 /* Build configuration list for PBXNativeTarget "swift_coreData" */ = {
			isa = XCConfigurationList;
			buildConfigurations = (
				C2E2493C202A9803005102D7 /* Debug */,
				C2E2493D202A9803005102D7 /* Release */,
			);
			defaultConfigurationIsVisible = 0;
			defaultConfigurationName = Release;
		};
/* End XCConfigurationList section */

/* Begin XCVersionGroup section */
		C2E24930202A9803005102D7 /* swift_coreData.xcdatamodeld */ = {
			isa = XCVersionGroup;
			children = (
				C2E24931202A9803005102D7 /* swift_coreData.xcdatamodel */,
			);
			currentVersion = C2E24931202A9803005102D7 /* swift_coreData.xcdatamodel */;
			path = swift_coreData.xcdatamodeld;
			sourceTree = "<group>";
			versionGroupType = wrapper.xcdatamodel;
		};
/* End XCVersionGroup section */
	};
	rootObject = C2E2491E202A9803005102D7 /* Project object */;
}
